// !$*UTF8*$!
{
	archiveVersion = 1;
	classes = {
	};
	objectVersion = 55;
	objects = {

/* Begin PBXBuildFile section */
		A40CD49D2848E6D50027F336 /* DummyViewController.swift in Sources */ = {isa = PBXBuildFile; fileRef = A40CD49C2848E6D50027F336 /* DummyViewController.swift */; };
		A40CD4A02849266C0027F336 /* LocalState.swift in Sources */ = {isa = PBXBuildFile; fileRef = A40CD49F2849266C0027F336 /* LocalState.swift */; };
		A40CD4A228493B8E0027F336 /* UIViewController+Utils.swift in Sources */ = {isa = PBXBuildFile; fileRef = A40CD4A128493B8E0027F336 /* UIViewController+Utils.swift */; };
		A40CD4A4284940FC0027F336 /* MainViewController.swift in Sources */ = {isa = PBXBuildFile; fileRef = A40CD4A3284940FC0027F336 /* MainViewController.swift */; };
		A478C4B4283DA29F00CD413F /* LoginView.swift in Sources */ = {isa = PBXBuildFile; fileRef = A478C4B3283DA29F00CD413F /* LoginView.swift */; };
		A497A8E8284A787E001FCC55 /* AccountSummaryViewController.swift in Sources */ = {isa = PBXBuildFile; fileRef = A497A8E7284A787E001FCC55 /* AccountSummaryViewController.swift */; };
		A497A8EA284A812D001FCC55 /* AccountSummaryHeaderView.swift in Sources */ = {isa = PBXBuildFile; fileRef = A497A8E9284A812D001FCC55 /* AccountSummaryHeaderView.swift */; };
		A497A8EC284A8151001FCC55 /* AccountSummaryHeaderView.xib in Resources */ = {isa = PBXBuildFile; fileRef = A497A8EB284A8151001FCC55 /* AccountSummaryHeaderView.xib */; };
		A4B13DBA284E398200F15E56 /* AccountSummaryCell.swift in Sources */ = {isa = PBXBuildFile; fileRef = A4B13DB9284E398200F15E56 /* AccountSummaryCell.swift */; };
		A4B13DBC284ED83C00F15E56 /* Decimal+Utils.swift in Sources */ = {isa = PBXBuildFile; fileRef = A4B13DBB284ED83C00F15E56 /* Decimal+Utils.swift */; };
		A4B13DBE284ED89100F15E56 /* CurrencyFormatter.swift in Sources */ = {isa = PBXBuildFile; fileRef = A4B13DBD284ED89100F15E56 /* CurrencyFormatter.swift */; };
		A4B13DC0284F70B800F15E56 /* CurrencyFormatterTests.swift in Sources */ = {isa = PBXBuildFile; fileRef = A4B13DBF284F70B800F15E56 /* CurrencyFormatterTests.swift */; };
		A4B13DC2284FB87800F15E56 /* NSNotificationName.swift in Sources */ = {isa = PBXBuildFile; fileRef = A4B13DC1284FB87800F15E56 /* NSNotificationName.swift */; };
		A4B13DC4284FD31F00F15E56 /* UITextField+SecureToggle.swift in Sources */ = {isa = PBXBuildFile; fileRef = A4B13DC3284FD31F00F15E56 /* UITextField+SecureToggle.swift */; };
		A4B990022841041600582362 /* OnboardingContainerViewController.swift in Sources */ = {isa = PBXBuildFile; fileRef = A4B990012841041600582362 /* OnboardingContainerViewController.swift */; };
		A4B990042843E2A200582362 /* OnboardingViewController.swift in Sources */ = {isa = PBXBuildFile; fileRef = A4B990032843E2A100582362 /* OnboardingViewController.swift */; };
		A4D31A9128331822002C6B44 /* AppDelegate.swift in Sources */ = {isa = PBXBuildFile; fileRef = A4D31A9028331822002C6B44 /* AppDelegate.swift */; };
		A4D31A9528331822002C6B44 /* LoginViewController.swift in Sources */ = {isa = PBXBuildFile; fileRef = A4D31A9428331822002C6B44 /* LoginViewController.swift */; };
		A4D31A9A28331824002C6B44 /* Assets.xcassets in Resources */ = {isa = PBXBuildFile; fileRef = A4D31A9928331824002C6B44 /* Assets.xcassets */; };
		A4D31A9D28331824002C6B44 /* LaunchScreen.storyboard in Resources */ = {isa = PBXBuildFile; fileRef = A4D31A9B28331824002C6B44 /* LaunchScreen.storyboard */; };
		A4D31AB228331824002C6B44 /* BankeyUITests.swift in Sources */ = {isa = PBXBuildFile; fileRef = A4D31AB128331824002C6B44 /* BankeyUITests.swift */; };
		A4D31AB428331824002C6B44 /* BankeyUITestsLaunchTests.swift in Sources */ = {isa = PBXBuildFile; fileRef = A4D31AB328331824002C6B44 /* BankeyUITestsLaunchTests.swift */; };
/* End PBXBuildFile section */

/* Begin PBXContainerItemProxy section */
		A4D31AA428331824002C6B44 /* PBXContainerItemProxy */ = {
			isa = PBXContainerItemProxy;
			containerPortal = A4D31A8528331822002C6B44 /* Project object */;
			proxyType = 1;
			remoteGlobalIDString = A4D31A8C28331822002C6B44;
			remoteInfo = Bankey;
		};
		A4D31AAE28331824002C6B44 /* PBXContainerItemProxy */ = {
			isa = PBXContainerItemProxy;
			containerPortal = A4D31A8528331822002C6B44 /* Project object */;
			proxyType = 1;
			remoteGlobalIDString = A4D31A8C28331822002C6B44;
			remoteInfo = Bankey;
		};
/* End PBXContainerItemProxy section */

/* Begin PBXFileReference section */
		A40CD49C2848E6D50027F336 /* DummyViewController.swift */ = {isa = PBXFileReference; lastKnownFileType = sourcecode.swift; path = DummyViewController.swift; sourceTree = "<group>"; };
		A40CD49F2849266C0027F336 /* LocalState.swift */ = {isa = PBXFileReference; lastKnownFileType = sourcecode.swift; path = LocalState.swift; sourceTree = "<group>"; };
		A40CD4A128493B8E0027F336 /* UIViewController+Utils.swift */ = {isa = PBXFileReference; lastKnownFileType = sourcecode.swift; path = "UIViewController+Utils.swift"; sourceTree = "<group>"; };
		A40CD4A3284940FC0027F336 /* MainViewController.swift */ = {isa = PBXFileReference; lastKnownFileType = sourcecode.swift; path = MainViewController.swift; sourceTree = "<group>"; };
		A478C4B3283DA29F00CD413F /* LoginView.swift */ = {isa = PBXFileReference; lastKnownFileType = sourcecode.swift; path = LoginView.swift; sourceTree = "<group>"; };
		A497A8E7284A787E001FCC55 /* AccountSummaryViewController.swift */ = {isa = PBXFileReference; lastKnownFileType = sourcecode.swift; path = AccountSummaryViewController.swift; sourceTree = "<group>"; };
		A497A8E9284A812D001FCC55 /* AccountSummaryHeaderView.swift */ = {isa = PBXFileReference; lastKnownFileType = sourcecode.swift; path = AccountSummaryHeaderView.swift; sourceTree = "<group>"; };
		A497A8EB284A8151001FCC55 /* AccountSummaryHeaderView.xib */ = {isa = PBXFileReference; lastKnownFileType = file.xib; path = AccountSummaryHeaderView.xib; sourceTree = "<group>"; };
		A4B13DB9284E398200F15E56 /* AccountSummaryCell.swift */ = {isa = PBXFileReference; lastKnownFileType = sourcecode.swift; path = AccountSummaryCell.swift; sourceTree = "<group>"; };
		A4B13DBB284ED83C00F15E56 /* Decimal+Utils.swift */ = {isa = PBXFileReference; lastKnownFileType = sourcecode.swift; path = "Decimal+Utils.swift"; sourceTree = "<group>"; };
		A4B13DBD284ED89100F15E56 /* CurrencyFormatter.swift */ = {isa = PBXFileReference; lastKnownFileType = sourcecode.swift; path = CurrencyFormatter.swift; sourceTree = "<group>"; };
		A4B13DBF284F70B800F15E56 /* CurrencyFormatterTests.swift */ = {isa = PBXFileReference; lastKnownFileType = sourcecode.swift; path = CurrencyFormatterTests.swift; sourceTree = "<group>"; };
		A4B13DC1284FB87800F15E56 /* NSNotificationName.swift */ = {isa = PBXFileReference; lastKnownFileType = sourcecode.swift; path = NSNotificationName.swift; sourceTree = "<group>"; };
		A4B13DC3284FD31F00F15E56 /* UITextField+SecureToggle.swift */ = {isa = PBXFileReference; lastKnownFileType = sourcecode.swift; path = "UITextField+SecureToggle.swift"; sourceTree = "<group>"; };
		A4B990012841041600582362 /* OnboardingContainerViewController.swift */ = {isa = PBXFileReference; lastKnownFileType = sourcecode.swift; path = OnboardingContainerViewController.swift; sourceTree = "<group>"; };
		A4B990032843E2A100582362 /* OnboardingViewController.swift */ = {isa = PBXFileReference; lastKnownFileType = sourcecode.swift; path = OnboardingViewController.swift; sourceTree = "<group>"; };
		A4D31A8D28331822002C6B44 /* Bankey.app */ = {isa = PBXFileReference; explicitFileType = wrapper.application; includeInIndex = 0; path = Bankey.app; sourceTree = BUILT_PRODUCTS_DIR; };
		A4D31A9028331822002C6B44 /* AppDelegate.swift */ = {isa = PBXFileReference; lastKnownFileType = sourcecode.swift; path = AppDelegate.swift; sourceTree = "<group>"; };
		A4D31A9428331822002C6B44 /* LoginViewController.swift */ = {isa = PBXFileReference; lastKnownFileType = sourcecode.swift; path = LoginViewController.swift; sourceTree = "<group>"; };
		A4D31A9928331824002C6B44 /* Assets.xcassets */ = {isa = PBXFileReference; lastKnownFileType = folder.assetcatalog; path = Assets.xcassets; sourceTree = "<group>"; };
		A4D31A9C28331824002C6B44 /* Base */ = {isa = PBXFileReference; lastKnownFileType = file.storyboard; name = Base; path = Base.lproj/LaunchScreen.storyboard; sourceTree = "<group>"; };
		A4D31A9E28331824002C6B44 /* Info.plist */ = {isa = PBXFileReference; lastKnownFileType = text.plist.xml; path = Info.plist; sourceTree = "<group>"; };
		A4D31AA328331824002C6B44 /* BankeyTests.xctest */ = {isa = PBXFileReference; explicitFileType = wrapper.cfbundle; includeInIndex = 0; path = BankeyTests.xctest; sourceTree = BUILT_PRODUCTS_DIR; };
		A4D31AAD28331824002C6B44 /* BankeyUITests.xctest */ = {isa = PBXFileReference; explicitFileType = wrapper.cfbundle; includeInIndex = 0; path = BankeyUITests.xctest; sourceTree = BUILT_PRODUCTS_DIR; };
		A4D31AB128331824002C6B44 /* BankeyUITests.swift */ = {isa = PBXFileReference; lastKnownFileType = sourcecode.swift; path = BankeyUITests.swift; sourceTree = "<group>"; };
		A4D31AB328331824002C6B44 /* BankeyUITestsLaunchTests.swift */ = {isa = PBXFileReference; lastKnownFileType = sourcecode.swift; path = BankeyUITestsLaunchTests.swift; sourceTree = "<group>"; };
/* End PBXFileReference section */

/* Begin PBXFrameworksBuildPhase section */
		A4D31A8A28331822002C6B44 /* Frameworks */ = {
			isa = PBXFrameworksBuildPhase;
			buildActionMask = 2147483647;
			files = (
			);
			runOnlyForDeploymentPostprocessing = 0;
		};
		A4D31AA028331824002C6B44 /* Frameworks */ = {
			isa = PBXFrameworksBuildPhase;
			buildActionMask = 2147483647;
			files = (
			);
			runOnlyForDeploymentPostprocessing = 0;
		};
		A4D31AAA28331824002C6B44 /* Frameworks */ = {
			isa = PBXFrameworksBuildPhase;
			buildActionMask = 2147483647;
			files = (
			);
			runOnlyForDeploymentPostprocessing = 0;
		};
/* End PBXFrameworksBuildPhase section */

/* Begin PBXGroup section */
		A40CD49E2849265E0027F336 /* Utils */ = {
			isa = PBXGroup;
			children = (
				A40CD49F2849266C0027F336 /* LocalState.swift */,
				A40CD4A128493B8E0027F336 /* UIViewController+Utils.swift */,
				A4B13DBB284ED83C00F15E56 /* Decimal+Utils.swift */,
				A4B13DBD284ED89100F15E56 /* CurrencyFormatter.swift */,
				A4B13DC1284FB87800F15E56 /* NSNotificationName.swift */,
				A4B13DC3284FD31F00F15E56 /* UITextField+SecureToggle.swift */,
			);
			path = Utils;
			sourceTree = "<group>";
		};
		A478C4B1283DA1CB00CD413F /* Files */ = {
			isa = PBXGroup;
			children = (
				A4D31A9928331824002C6B44 /* Assets.xcassets */,
				A4D31A9B28331824002C6B44 /* LaunchScreen.storyboard */,
				A4D31A9E28331824002C6B44 /* Info.plist */,
			);
			name = Files;
			sourceTree = "<group>";
		};
		A478C4B2283DA22400CD413F /* Login */ = {
			isa = PBXGroup;
			children = (
				A4D31A9428331822002C6B44 /* LoginViewController.swift */,
				A478C4B3283DA29F00CD413F /* LoginView.swift */,
				A40CD49C2848E6D50027F336 /* DummyViewController.swift */,
			);
			path = Login;
			sourceTree = "<group>";
		};
		A4B13DB7284E392500F15E56 /* Header */ = {
			isa = PBXGroup;
			children = (
				A497A8E9284A812D001FCC55 /* AccountSummaryHeaderView.swift */,
				A497A8EB284A8151001FCC55 /* AccountSummaryHeaderView.xib */,
			);
			path = Header;
			sourceTree = "<group>";
		};
		A4B13DB8284E396900F15E56 /* Cells */ = {
			isa = PBXGroup;
			children = (
				A4B13DB9284E398200F15E56 /* AccountSummaryCell.swift */,
			);
			path = Cells;
			sourceTree = "<group>";
		};
		A4B99000284103F500582362 /* Onboarding */ = {
			isa = PBXGroup;
			children = (
				A4B990012841041600582362 /* OnboardingContainerViewController.swift */,
				A4B990032843E2A100582362 /* OnboardingViewController.swift */,
			);
			path = Onboarding;
			sourceTree = "<group>";
		};
		A4B990052844FCB800582362 /* AccountSummary */ = {
			isa = PBXGroup;
			children = (
				A497A8E7284A787E001FCC55 /* AccountSummaryViewController.swift */,
				A4B13DB7284E392500F15E56 /* Header */,
				A4B13DB8284E396900F15E56 /* Cells */,
			);
			path = AccountSummary;
			sourceTree = "<group>";
		};
		A4D31A8428331822002C6B44 = {
			isa = PBXGroup;
			children = (
				A4D31A8F28331822002C6B44 /* Bankey */,
				A4D31AA628331824002C6B44 /* BankeyTests */,
				A4D31AB028331824002C6B44 /* BankeyUITests */,
				A4D31A8E28331822002C6B44 /* Products */,
			);
			sourceTree = "<group>";
		};
		A4D31A8E28331822002C6B44 /* Products */ = {
			isa = PBXGroup;
			children = (
				A4D31A8D28331822002C6B44 /* Bankey.app */,
				A4D31AA328331824002C6B44 /* BankeyTests.xctest */,
				A4D31AAD28331824002C6B44 /* BankeyUITests.xctest */,
			);
			name = Products;
			sourceTree = "<group>";
		};
		A4D31A8F28331822002C6B44 /* Bankey */ = {
			isa = PBXGroup;
			children = (
				A40CD49E2849265E0027F336 /* Utils */,
				A478C4B1283DA1CB00CD413F /* Files */,
				A4B99000284103F500582362 /* Onboarding */,
				A478C4B2283DA22400CD413F /* Login */,
				A4B990052844FCB800582362 /* AccountSummary */,
				A4D31A9028331822002C6B44 /* AppDelegate.swift */,
				A40CD4A3284940FC0027F336 /* MainViewController.swift */,
			);
			path = Bankey;
			sourceTree = "<group>";
		};
		A4D31AA628331824002C6B44 /* BankeyTests */ = {
			isa = PBXGroup;
			children = (
				A4B13DBF284F70B800F15E56 /* CurrencyFormatterTests.swift */,
			);
			path = BankeyTests;
			sourceTree = "<group>";
		};
		A4D31AB028331824002C6B44 /* BankeyUITests */ = {
			isa = PBXGroup;
			children = (
				A4D31AB128331824002C6B44 /* BankeyUITests.swift */,
				A4D31AB328331824002C6B44 /* BankeyUITestsLaunchTests.swift */,
			);
			path = BankeyUITests;
			sourceTree = "<group>";
		};
/* End PBXGroup section */

/* Begin PBXNativeTarget section */
		A4D31A8C28331822002C6B44 /* Bankey */ = {
			isa = PBXNativeTarget;
			buildConfigurationList = A4D31AB728331824002C6B44 /* Build configuration list for PBXNativeTarget "Bankey" */;
			buildPhases = (
				A4D31A8928331822002C6B44 /* Sources */,
				A4D31A8A28331822002C6B44 /* Frameworks */,
				A4D31A8B28331822002C6B44 /* Resources */,
			);
			buildRules = (
			);
			dependencies = (
			);
			name = Bankey;
			productName = Bankey;
			productReference = A4D31A8D28331822002C6B44 /* Bankey.app */;
			productType = "com.apple.product-type.application";
		};
		A4D31AA228331824002C6B44 /* BankeyTests */ = {
			isa = PBXNativeTarget;
			buildConfigurationList = A4D31ABA28331824002C6B44 /* Build configuration list for PBXNativeTarget "BankeyTests" */;
			buildPhases = (
				A4D31A9F28331824002C6B44 /* Sources */,
				A4D31AA028331824002C6B44 /* Frameworks */,
				A4D31AA128331824002C6B44 /* Resources */,
			);
			buildRules = (
			);
			dependencies = (
				A4D31AA528331824002C6B44 /* PBXTargetDependency */,
			);
			name = BankeyTests;
			productName = BankeyTests;
			productReference = A4D31AA328331824002C6B44 /* BankeyTests.xctest */;
			productType = "com.apple.product-type.bundle.unit-test";
		};
		A4D31AAC28331824002C6B44 /* BankeyUITests */ = {
			isa = PBXNativeTarget;
			buildConfigurationList = A4D31ABD28331824002C6B44 /* Build configuration list for PBXNativeTarget "BankeyUITests" */;
			buildPhases = (
				A4D31AA928331824002C6B44 /* Sources */,
				A4D31AAA28331824002C6B44 /* Frameworks */,
				A4D31AAB28331824002C6B44 /* Resources */,
			);
			buildRules = (
			);
			dependencies = (
				A4D31AAF28331824002C6B44 /* PBXTargetDependency */,
			);
			name = BankeyUITests;
			productName = BankeyUITests;
			productReference = A4D31AAD28331824002C6B44 /* BankeyUITests.xctest */;
			productType = "com.apple.product-type.bundle.ui-testing";
		};
/* End PBXNativeTarget section */

/* Begin PBXProject section */
		A4D31A8528331822002C6B44 /* Project object */ = {
			isa = PBXProject;
			attributes = {
				BuildIndependentTargetsInParallel = 1;
				LastSwiftUpdateCheck = 1330;
				LastUpgradeCheck = 1330;
				TargetAttributes = {
					A4D31A8C28331822002C6B44 = {
						CreatedOnToolsVersion = 13.3.1;
					};
					A4D31AA228331824002C6B44 = {
						CreatedOnToolsVersion = 13.3.1;
						LastSwiftMigration = 1340;
						TestTargetID = A4D31A8C28331822002C6B44;
					};
					A4D31AAC28331824002C6B44 = {
						CreatedOnToolsVersion = 13.3.1;
						TestTargetID = A4D31A8C28331822002C6B44;
					};
				};
			};
			buildConfigurationList = A4D31A8828331822002C6B44 /* Build configuration list for PBXProject "Bankey" */;
			compatibilityVersion = "Xcode 13.0";
			developmentRegion = en;
			hasScannedForEncodings = 0;
			knownRegions = (
				en,
				Base,
			);
			mainGroup = A4D31A8428331822002C6B44;
			productRefGroup = A4D31A8E28331822002C6B44 /* Products */;
			projectDirPath = "";
			projectRoot = "";
			targets = (
				A4D31A8C28331822002C6B44 /* Bankey */,
				A4D31AA228331824002C6B44 /* BankeyTests */,
				A4D31AAC28331824002C6B44 /* BankeyUITests */,
			);
		};
/* End PBXProject section */

/* Begin PBXResourcesBuildPhase section */
		A4D31A8B28331822002C6B44 /* Resources */ = {
			isa = PBXResourcesBuildPhase;
			buildActionMask = 2147483647;
			files = (
				A497A8EC284A8151001FCC55 /* AccountSummaryHeaderView.xib in Resources */,
				A4D31A9D28331824002C6B44 /* LaunchScreen.storyboard in Resources */,
				A4D31A9A28331824002C6B44 /* Assets.xcassets in Resources */,
			);
			runOnlyForDeploymentPostprocessing = 0;
		};
		A4D31AA128331824002C6B44 /* Resources */ = {
			isa = PBXResourcesBuildPhase;
			buildActionMask = 2147483647;
			files = (
			);
			runOnlyForDeploymentPostprocessing = 0;
		};
		A4D31AAB28331824002C6B44 /* Resources */ = {
			isa = PBXResourcesBuildPhase;
			buildActionMask = 2147483647;
			files = (
			);
			runOnlyForDeploymentPostprocessing = 0;
		};
/* End PBXResourcesBuildPhase section */

/* Begin PBXSourcesBuildPhase section */
		A4D31A8928331822002C6B44 /* Sources */ = {
			isa = PBXSourcesBuildPhase;
			buildActionMask = 2147483647;
			files = (
				A40CD4A228493B8E0027F336 /* UIViewController+Utils.swift in Sources */,
				A478C4B4283DA29F00CD413F /* LoginView.swift in Sources */,
				A40CD4A02849266C0027F336 /* LocalState.swift in Sources */,
				A4B13DBC284ED83C00F15E56 /* Decimal+Utils.swift in Sources */,
				A4B13DC4284FD31F00F15E56 /* UITextField+SecureToggle.swift in Sources */,
				A497A8EA284A812D001FCC55 /* AccountSummaryHeaderView.swift in Sources */,
				A4B13DBE284ED89100F15E56 /* CurrencyFormatter.swift in Sources */,
				A40CD49D2848E6D50027F336 /* DummyViewController.swift in Sources */,
				A4B13DC2284FB87800F15E56 /* NSNotificationName.swift in Sources */,
				A4D31A9528331822002C6B44 /* LoginViewController.swift in Sources */,
				A4B13DBA284E398200F15E56 /* AccountSummaryCell.swift in Sources */,
				A4B990042843E2A200582362 /* OnboardingViewController.swift in Sources */,
				A40CD4A4284940FC0027F336 /* MainViewController.swift in Sources */,
				A497A8E8284A787E001FCC55 /* AccountSummaryViewController.swift in Sources */,
				A4D31A9128331822002C6B44 /* AppDelegate.swift in Sources */,
				A4B990022841041600582362 /* OnboardingContainerViewController.swift in Sources */,
			);
			runOnlyForDeploymentPostprocessing = 0;
		};
		A4D31A9F28331824002C6B44 /* Sources */ = {
			isa = PBXSourcesBuildPhase;
			buildActionMask = 2147483647;
			files = (
				A4B13DC0284F70B800F15E56 /* CurrencyFormatterTests.swift in Sources */,
			);
			runOnlyForDeploymentPostprocessing = 0;
		};
		A4D31AA928331824002C6B44 /* Sources */ = {
			isa = PBXSourcesBuildPhase;
			buildActionMask = 2147483647;
			files = (
				A4D31AB428331824002C6B44 /* BankeyUITestsLaunchTests.swift in Sources */,
				A4D31AB228331824002C6B44 /* BankeyUITests.swift in Sources */,
			);
			runOnlyForDeploymentPostprocessing = 0;
		};
/* End PBXSourcesBuildPhase section */

/* Begin PBXTargetDependency section */
		A4D31AA528331824002C6B44 /* PBXTargetDependency */ = {
			isa = PBXTargetDependency;
			target = A4D31A8C28331822002C6B44 /* Bankey */;
			targetProxy = A4D31AA428331824002C6B44 /* PBXContainerItemProxy */;
		};
		A4D31AAF28331824002C6B44 /* PBXTargetDependency */ = {
			isa = PBXTargetDependency;
			target = A4D31A8C28331822002C6B44 /* Bankey */;
			targetProxy = A4D31AAE28331824002C6B44 /* PBXContainerItemProxy */;
		};
/* End PBXTargetDependency section */

/* Begin PBXVariantGroup section */
		A4D31A9B28331824002C6B44 /* LaunchScreen.storyboard */ = {
			isa = PBXVariantGroup;
			children = (
				A4D31A9C28331824002C6B44 /* Base */,
			);
			name = LaunchScreen.storyboard;
			sourceTree = "<group>";
		};
/* End PBXVariantGroup section */

/* Begin XCBuildConfiguration section */
		A4D31AB528331824002C6B44 /* Debug */ = {
			isa = XCBuildConfiguration;
			buildSettings = {
				ALWAYS_SEARCH_USER_PATHS = NO;
				CLANG_ANALYZER_NONNULL = YES;
				CLANG_ANALYZER_NUMBER_OBJECT_CONVERSION = YES_AGGRESSIVE;
				CLANG_CXX_LANGUAGE_STANDARD = "gnu++17";
				CLANG_ENABLE_MODULES = YES;
				CLANG_ENABLE_OBJC_ARC = YES;
				CLANG_ENABLE_OBJC_WEAK = YES;
				CLANG_WARN_BLOCK_CAPTURE_AUTORELEASING = YES;
				CLANG_WARN_BOOL_CONVERSION = YES;
				CLANG_WARN_COMMA = YES;
				CLANG_WARN_CONSTANT_CONVERSION = YES;
				CLANG_WARN_DEPRECATED_OBJC_IMPLEMENTATIONS = YES;
				CLANG_WARN_DIRECT_OBJC_ISA_USAGE = YES_ERROR;
				CLANG_WARN_DOCUMENTATION_COMMENTS = YES;
				CLANG_WARN_EMPTY_BODY = YES;
				CLANG_WARN_ENUM_CONVERSION = YES;
				CLANG_WARN_INFINITE_RECURSION = YES;
				CLANG_WARN_INT_CONVERSION = YES;
				CLANG_WARN_NON_LITERAL_NULL_CONVERSION = YES;
				CLANG_WARN_OBJC_IMPLICIT_RETAIN_SELF = YES;
				CLANG_WARN_OBJC_LITERAL_CONVERSION = YES;
				CLANG_WARN_OBJC_ROOT_CLASS = YES_ERROR;
				CLANG_WARN_QUOTED_INCLUDE_IN_FRAMEWORK_HEADER = YES;
				CLANG_WARN_RANGE_LOOP_ANALYSIS = YES;
				CLANG_WARN_STRICT_PROTOTYPES = YES;
				CLANG_WARN_SUSPICIOUS_MOVE = YES;
				CLANG_WARN_UNGUARDED_AVAILABILITY = YES_AGGRESSIVE;
				CLANG_WARN_UNREACHABLE_CODE = YES;
				CLANG_WARN__DUPLICATE_METHOD_MATCH = YES;
				COPY_PHASE_STRIP = NO;
				DEBUG_INFORMATION_FORMAT = dwarf;
				ENABLE_STRICT_OBJC_MSGSEND = YES;
				ENABLE_TESTABILITY = YES;
				GCC_C_LANGUAGE_STANDARD = gnu11;
				GCC_DYNAMIC_NO_PIC = NO;
				GCC_NO_COMMON_BLOCKS = YES;
				GCC_OPTIMIZATION_LEVEL = 0;
				GCC_PREPROCESSOR_DEFINITIONS = (
					"DEBUG=1",
					"$(inherited)",
				);
				GCC_WARN_64_TO_32_BIT_CONVERSION = YES;
				GCC_WARN_ABOUT_RETURN_TYPE = YES_ERROR;
				GCC_WARN_UNDECLARED_SELECTOR = YES;
				GCC_WARN_UNINITIALIZED_AUTOS = YES_AGGRESSIVE;
				GCC_WARN_UNUSED_FUNCTION = YES;
				GCC_WARN_UNUSED_VARIABLE = YES;
				IPHONEOS_DEPLOYMENT_TARGET = 15.4;
				MTL_ENABLE_DEBUG_INFO = INCLUDE_SOURCE;
				MTL_FAST_MATH = YES;
				ONLY_ACTIVE_ARCH = YES;
				SDKROOT = iphoneos;
				SWIFT_ACTIVE_COMPILATION_CONDITIONS = DEBUG;
				SWIFT_OPTIMIZATION_LEVEL = "-Onone";
			};
			name = Debug;
		};
		A4D31AB628331824002C6B44 /* Release */ = {
			isa = XCBuildConfiguration;
			buildSettings = {
				ALWAYS_SEARCH_USER_PATHS = NO;
				CLANG_ANALYZER_NONNULL = YES;
				CLANG_ANALYZER_NUMBER_OBJECT_CONVERSION = YES_AGGRESSIVE;
				CLANG_CXX_LANGUAGE_STANDARD = "gnu++17";
				CLANG_ENABLE_MODULES = YES;
				CLANG_ENABLE_OBJC_ARC = YES;
				CLANG_ENABLE_OBJC_WEAK = YES;
				CLANG_WARN_BLOCK_CAPTURE_AUTORELEASING = YES;
				CLANG_WARN_BOOL_CONVERSION = YES;
				CLANG_WARN_COMMA = YES;
				CLANG_WARN_CONSTANT_CONVERSION = YES;
				CLANG_WARN_DEPRECATED_OBJC_IMPLEMENTATIONS = YES;
				CLANG_WARN_DIRECT_OBJC_ISA_USAGE = YES_ERROR;
				CLANG_WARN_DOCUMENTATION_COMMENTS = YES;
				CLANG_WARN_EMPTY_BODY = YES;
				CLANG_WARN_ENUM_CONVERSION = YES;
				CLANG_WARN_INFINITE_RECURSION = YES;
				CLANG_WARN_INT_CONVERSION = YES;
				CLANG_WARN_NON_LITERAL_NULL_CONVERSION = YES;
				CLANG_WARN_OBJC_IMPLICIT_RETAIN_SELF = YES;
				CLANG_WARN_OBJC_LITERAL_CONVERSION = YES;
				CLANG_WARN_OBJC_ROOT_CLASS = YES_ERROR;
				CLANG_WARN_QUOTED_INCLUDE_IN_FRAMEWORK_HEADER = YES;
				CLANG_WARN_RANGE_LOOP_ANALYSIS = YES;
				CLANG_WARN_STRICT_PROTOTYPES = YES;
				CLANG_WARN_SUSPICIOUS_MOVE = YES;
				CLANG_WARN_UNGUARDED_AVAILABILITY = YES_AGGRESSIVE;
				CLANG_WARN_UNREACHABLE_CODE = YES;
				CLANG_WARN__DUPLICATE_METHOD_MATCH = YES;
				COPY_PHASE_STRIP = NO;
				DEBUG_INFORMATION_FORMAT = "dwarf-with-dsym";
				ENABLE_NS_ASSERTIONS = NO;
				ENABLE_STRICT_OBJC_MSGSEND = YES;
				GCC_C_LANGUAGE_STANDARD = gnu11;
				GCC_NO_COMMON_BLOCKS = YES;
				GCC_WARN_64_TO_32_BIT_CONVERSION = YES;
				GCC_WARN_ABOUT_RETURN_TYPE = YES_ERROR;
				GCC_WARN_UNDECLARED_SELECTOR = YES;
				GCC_WARN_UNINITIALIZED_AUTOS = YES_AGGRESSIVE;
				GCC_WARN_UNUSED_FUNCTION = YES;
				GCC_WARN_UNUSED_VARIABLE = YES;
				IPHONEOS_DEPLOYMENT_TARGET = 15.4;
				MTL_ENABLE_DEBUG_INFO = NO;
				MTL_FAST_MATH = YES;
				SDKROOT = iphoneos;
				SWIFT_COMPILATION_MODE = wholemodule;
				SWIFT_OPTIMIZATION_LEVEL = "-O";
				VALIDATE_PRODUCT = YES;
			};
			name = Release;
		};
		A4D31AB828331824002C6B44 /* Debug */ = {
			isa = XCBuildConfiguration;
			buildSettings = {
				ASSETCATALOG_COMPILER_APPICON_NAME = AppIcon;
				ASSETCATALOG_COMPILER_GLOBAL_ACCENT_COLOR_NAME = AccentColor;
				CODE_SIGN_STYLE = Automatic;
				CURRENT_PROJECT_VERSION = 1;
				DEVELOPMENT_TEAM = T73532284R;
				GENERATE_INFOPLIST_FILE = YES;
				INFOPLIST_FILE = Bankey/Info.plist;
				INFOPLIST_KEY_UIApplicationSupportsIndirectInputEvents = YES;
				INFOPLIST_KEY_UILaunchStoryboardName = LaunchScreen;
				INFOPLIST_KEY_UIMainStoryboardFile = "";
				INFOPLIST_KEY_UISupportedInterfaceOrientations_iPad = "UIInterfaceOrientationPortrait UIInterfaceOrientationPortraitUpsideDown UIInterfaceOrientationLandscapeLeft UIInterfaceOrientationLandscapeRight";
				INFOPLIST_KEY_UISupportedInterfaceOrientations_iPhone = "UIInterfaceOrientationPortrait UIInterfaceOrientationLandscapeLeft UIInterfaceOrientationLandscapeRight";
				LD_RUNPATH_SEARCH_PATHS = (
					"$(inherited)",
					"@executable_path/Frameworks",
				);
				MARKETING_VERSION = 1.0;
				PRODUCT_BUNDLE_IDENTIFIER = trimer.vitor.Bankey;
				PRODUCT_NAME = "$(TARGET_NAME)";
				SWIFT_EMIT_LOC_STRINGS = YES;
				SWIFT_VERSION = 5.0;
				TARGETED_DEVICE_FAMILY = "1,2";
			};
			name = Debug;
		};
		A4D31AB928331824002C6B44 /* Release */ = {
			isa = XCBuildConfiguration;
			buildSettings = {
				ASSETCATALOG_COMPILER_APPICON_NAME = AppIcon;
				ASSETCATALOG_COMPILER_GLOBAL_ACCENT_COLOR_NAME = AccentColor;
				CODE_SIGN_STYLE = Automatic;
				CURRENT_PROJECT_VERSION = 1;
				DEVELOPMENT_TEAM = T73532284R;
				GENERATE_INFOPLIST_FILE = YES;
				INFOPLIST_FILE = Bankey/Info.plist;
				INFOPLIST_KEY_UIApplicationSupportsIndirectInputEvents = YES;
				INFOPLIST_KEY_UILaunchStoryboardName = LaunchScreen;
				INFOPLIST_KEY_UIMainStoryboardFile = "";
				INFOPLIST_KEY_UISupportedInterfaceOrientations_iPad = "UIInterfaceOrientationPortrait UIInterfaceOrientationPortraitUpsideDown UIInterfaceOrientationLandscapeLeft UIInterfaceOrientationLandscapeRight";
				INFOPLIST_KEY_UISupportedInterfaceOrientations_iPhone = "UIInterfaceOrientationPortrait UIInterfaceOrientationLandscapeLeft UIInterfaceOrientationLandscapeRight";
				LD_RUNPATH_SEARCH_PATHS = (
					"$(inherited)",
					"@executable_path/Frameworks",
				);
				MARKETING_VERSION = 1.0;
				PRODUCT_BUNDLE_IDENTIFIER = trimer.vitor.Bankey;
				PRODUCT_NAME = "$(TARGET_NAME)";
				SWIFT_EMIT_LOC_STRINGS = YES;
				SWIFT_VERSION = 5.0;
				TARGETED_DEVICE_FAMILY = "1,2";
			};
			name = Release;
		};
		A4D31ABB28331824002C6B44 /* Debug */ = {
			isa = XCBuildConfiguration;
			buildSettings = {
				ALWAYS_EMBED_SWIFT_STANDARD_LIBRARIES = YES;
				BUNDLE_LOADER = "$(TEST_HOST)";
				CLANG_ENABLE_MODULES = YES;
				CODE_SIGN_STYLE = Automatic;
				CURRENT_PROJECT_VERSION = 1;
				DEVELOPMENT_TEAM = T73532284R;
				GENERATE_INFOPLIST_FILE = YES;
				IPHONEOS_DEPLOYMENT_TARGET = 15.4;
				LD_RUNPATH_SEARCH_PATHS = (
					"$(inherited)",
					"@executable_path/Frameworks",
					"@loader_path/Frameworks",
				);
				MARKETING_VERSION = 1.0;
				PRODUCT_BUNDLE_IDENTIFIER = trimer.vitor.BankeyTests;
				PRODUCT_NAME = "$(TARGET_NAME)";
				SWIFT_EMIT_LOC_STRINGS = NO;
				SWIFT_OPTIMIZATION_LEVEL = "-Onone";
				SWIFT_VERSION = 5.0;
				TARGETED_DEVICE_FAMILY = "1,2";
				TEST_HOST = "$(BUILT_PRODUCTS_DIR)/Bankey.app/Bankey";
			};
			name = Debug;
		};
		A4D31ABC28331824002C6B44 /* Release */ = {
			isa = XCBuildConfiguration;
			buildSettings = {
				ALWAYS_EMBED_SWIFT_STANDARD_LIBRARIES = YES;
				BUNDLE_LOADER = "$(TEST_HOST)";
				CLANG_ENABLE_MODULES = YES;
				CODE_SIGN_STYLE = Automatic;
				CURRENT_PROJECT_VERSION = 1;
				DEVELOPMENT_TEAM = T73532284R;
				GENERATE_INFOPLIST_FILE = YES;
				IPHONEOS_DEPLOYMENT_TARGET = 15.4;
				LD_RUNPATH_SEARCH_PATHS = (
					"$(inherited)",
					"@executable_path/Frameworks",
					"@loader_path/Frameworks",
				);
				MARKETING_VERSION = 1.0;
				PRODUCT_BUNDLE_IDENTIFIER = trimer.vitor.BankeyTests;
				PRODUCT_NAME = "$(TARGET_NAME)";
				SWIFT_EMIT_LOC_STRINGS = NO;
				SWIFT_VERSION = 5.0;
				TARGETED_DEVICE_FAMILY = "1,2";
				TEST_HOST = "$(BUILT_PRODUCTS_DIR)/Bankey.app/Bankey";
			};
			name = Release;
		};
		A4D31ABE28331824002C6B44 /* Debug */ = {
			isa = XCBuildConfiguration;
			buildSettings = {
				ALWAYS_EMBED_SWIFT_STANDARD_LIBRARIES = YES;
				CODE_SIGN_STYLE = Automatic;
				CURRENT_PROJECT_VERSION = 1;
				DEVELOPMENT_TEAM = T73532284R;
				GENERATE_INFOPLIST_FILE = YES;
				MARKETING_VERSION = 1.0;
				PRODUCT_BUNDLE_IDENTIFIER = trimer.vitor.BankeyUITests;
				PRODUCT_NAME = "$(TARGET_NAME)";
				SWIFT_EMIT_LOC_STRINGS = NO;
				SWIFT_VERSION = 5.0;
				TARGETED_DEVICE_FAMILY = "1,2";
				TEST_TARGET_NAME = Bankey;
			};
			name = Debug;
		};
		A4D31ABF28331824002C6B44 /* Release */ = {
			isa = XCBuildConfiguration;
			buildSettings = {
				ALWAYS_EMBED_SWIFT_STANDARD_LIBRARIES = YES;
				CODE_SIGN_STYLE = Automatic;
				CURRENT_PROJECT_VERSION = 1;
				DEVELOPMENT_TEAM = T73532284R;
				GENERATE_INFOPLIST_FILE = YES;
				MARKETING_VERSION = 1.0;
				PRODUCT_BUNDLE_IDENTIFIER = trimer.vitor.BankeyUITests;
				PRODUCT_NAME = "$(TARGET_NAME)";
				SWIFT_EMIT_LOC_STRINGS = NO;
				SWIFT_VERSION = 5.0;
				TARGETED_DEVICE_FAMILY = "1,2";
				TEST_TARGET_NAME = Bankey;
			};
			name = Release;
		};
/* End XCBuildConfiguration section */

/* Begin XCConfigurationList section */
		A4D31A8828331822002C6B44 /* Build configuration list for PBXProject "Bankey" */ = {
			isa = XCConfigurationList;
			buildConfigurations = (
				A4D31AB528331824002C6B44 /* Debug */,
				A4D31AB628331824002C6B44 /* Release */,
			);
			defaultConfigurationIsVisible = 0;
			defaultConfigurationName = Release;
		};
		A4D31AB728331824002C6B44 /* Build configuration list for PBXNativeTarget "Bankey" */ = {
			isa = XCConfigurationList;
			buildConfigurations = (
				A4D31AB828331824002C6B44 /* Debug */,
				A4D31AB928331824002C6B44 /* Release */,
			);
			defaultConfigurationIsVisible = 0;
			defaultConfigurationName = Release;
		};
		A4D31ABA28331824002C6B44 /* Build configuration list for PBXNativeTarget "BankeyTests" */ = {
			isa = XCConfigurationList;
			buildConfigurations = (
				A4D31ABB28331824002C6B44 /* Debug */,
				A4D31ABC28331824002C6B44 /* Release */,
			);
			defaultConfigurationIsVisible = 0;
			defaultConfigurationName = Release;
		};
		A4D31ABD28331824002C6B44 /* Build configuration list for PBXNativeTarget "BankeyUITests" */ = {
			isa = XCConfigurationList;
			buildConfigurations = (
				A4D31ABE28331824002C6B44 /* Debug */,
				A4D31ABF28331824002C6B44 /* Release */,
			);
			defaultConfigurationIsVisible = 0;
			defaultConfigurationName = Release;
		};
/* End XCConfigurationList section */
	};
	rootObject = A4D31A8528331822002C6B44 /* Project object */;
}
